{
  "name": "command-line-snake",
  "version": "1.0.0",
  "lockfileVersion": 1,
  "requires": true,
  "dependencies": {
    "command-line-draw": {
      "version": "1.0.10",
      "resolved": "https://registry.npmjs.org/command-line-draw/-/command-line-draw-1.0.10.tgz",
      "integrity": "sha512-oHvoIGFzaeuARIpS/AE3KJOqPI0b/1Cxq7BX7wewsxPMrirb60R07Mk93LElNa8vL3cBIpPfk+EA8p1cNCQ7hw=="
    }
  }
}
